// !$*UTF8*$!
{
	archiveVersion = 1;
	classes = {
	};
	objectVersion = 46;
	objects = {

/* Begin PBXBuildFile section */
		7A3357C81F399C0F008F589E /* AppDelegate.swift in Sources */ = {isa = PBXBuildFile; fileRef = 7A3357C71F399C0F008F589E /* AppDelegate.swift */; };
		7A3357CA1F399C0F008F589E /* ViewController.swift in Sources */ = {isa = PBXBuildFile; fileRef = 7A3357C91F399C0F008F589E /* ViewController.swift */; };
		7A3357CC1F399C0F008F589E /* Assets.xcassets in Resources */ = {isa = PBXBuildFile; fileRef = 7A3357CB1F399C0F008F589E /* Assets.xcassets */; };
		7A3357CF1F399C0F008F589E /* Main.storyboard in Resources */ = {isa = PBXBuildFile; fileRef = 7A3357CD1F399C0F008F589E /* Main.storyboard */; };
		7AA0D5321F399F19002A69CB /* WindowController.swift in Sources */ = {isa = PBXBuildFile; fileRef = 7AA0D5311F399F19002A69CB /* WindowController.swift */; };
/* End PBXBuildFile section */

/* Begin PBXFileReference section */
		7A3357C41F399C0F008F589E /* gridWeb.app */ = {isa = PBXFileReference; explicitFileType = wrapper.application; includeInIndex = 0; path = gridWeb.app; sourceTree = BUILT_PRODUCTS_DIR; };
		7A3357C71F399C0F008F589E /* AppDelegate.swift */ = {isa = PBXFileReference; lastKnownFileType = sourcecode.swift; path = AppDelegate.swift; sourceTree = "<group>"; };
		7A3357C91F399C0F008F589E /* ViewController.swift */ = {isa = PBXFileReference; lastKnownFileType = sourcecode.swift; path = ViewController.swift; sourceTree = "<group>"; };
		7A3357CB1F399C0F008F589E /* Assets.xcassets */ = {isa = PBXFileReference; lastKnownFileType = folder.assetcatalog; path = Assets.xcassets; sourceTree = "<group>"; };
		7A3357CE1F399C0F008F589E /* Base */ = {isa = PBXFileReference; lastKnownFileType = file.storyboard; name = Base; path = Base.lproj/Main.storyboard; sourceTree = "<group>"; };
		7A3357D01F399C0F008F589E /* Info.plist */ = {isa = PBXFileReference; lastKnownFileType = text.plist.xml; path = Info.plist; sourceTree = "<group>"; };
		7AA0D5311F399F19002A69CB /* WindowController.swift */ = {isa = PBXFileReference; fileEncoding = 4; lastKnownFileType = sourcecode.swift; path = WindowController.swift; sourceTree = "<group>"; };
/* End PBXFileReference section */

/* Begin PBXFrameworksBuildPhase section */
		7A3357C11F399C0F008F589E /* Frameworks */ = {
			isa = PBXFrameworksBuildPhase;
			buildActionMask = 2147483647;
			files = (
			);
			runOnlyForDeploymentPostprocessing = 0;
		};
/* End PBXFrameworksBuildPhase section */

/* Begin PBXGroup section */
		7A3357BB1F399C0F008F589E = {
			isa = PBXGroup;
			children = (
				7A3357C61F399C0F008F589E /* gridWeb */,
				7A3357C51F399C0F008F589E /* Products */,
			);
			sourceTree = "<group>";
		};
		7A3357C51F399C0F008F589E /* Products */ = {
			isa = PBXGroup;
			children = (
				7A3357C41F399C0F008F589E /* gridWeb.app */,
			);
			name = Products;
			sourceTree = "<group>";
		};
		7A3357C61F399C0F008F589E /* gridWeb */ = {
			isa = PBXGroup;
			children = (
				7A3357C71F399C0F008F589E /* AppDelegate.swift */,
				7A3357C91F399C0F008F589E /* ViewController.swift */,
				7A3357CB1F399C0F008F589E /* Assets.xcassets */,
				7A3357CD1F399C0F008F589E /* Main.storyboard */,
				7AA0D5311F399F19002A69CB /* WindowController.swift */,
				7A3357D01F399C0F008F589E /* Info.plist */,
			);
			path = gridWeb;
			sourceTree = "<group>";
		};
/* End PBXGroup section */

/* Begin PBXNativeTarget section */
		7A3357C31F399C0F008F589E /* gridWeb */ = {
			isa = PBXNativeTarget;
			buildConfigurationList = 7A3357D31F399C0F008F589E /* Build configuration list for PBXNativeTarget "gridWeb" */;
			buildPhases = (
				7A3357C01F399C0F008F589E /* Sources */,
				7A3357C11F399C0F008F589E /* Frameworks */,
				7A3357C21F399C0F008F589E /* Resources */,
			);
			buildRules = (
			);
			dependencies = (
			);
			name = gridWeb;
			productName = gridWeb;
			productReference = 7A3357C41F399C0F008F589E /* gridWeb.app */;
			productType = "com.apple.product-type.application";
		};
/* End PBXNativeTarget section */

/* Begin PBXProject section */
		7A3357BC1F399C0F008F589E /* Project object */ = {
			isa = PBXProject;
			attributes = {
				LastSwiftUpdateCheck = 0830;
				LastUpgradeCheck = 0830;
				ORGANIZATIONNAME = "Christian Leovido";
				TargetAttributes = {
					7A3357C31F399C0F008F589E = {
						CreatedOnToolsVersion = 8.3.1;
						DevelopmentTeam = EHHSHU6TP3;
						ProvisioningStyle = Automatic;
					};
				};
			};
			buildConfigurationList = 7A3357BF1F399C0F008F589E /* Build configuration list for PBXProject "gridWeb" */;
			compatibilityVersion = "Xcode 3.2";
			developmentRegion = English;
			hasScannedForEncodings = 0;
			knownRegions = (
				en,
				Base,
			);
			mainGroup = 7A3357BB1F399C0F008F589E;
			productRefGroup = 7A3357C51F399C0F008F589E /* Products */;
			projectDirPath = "";
			projectRoot = "";
			targets = (
				7A3357C31F399C0F008F589E /* gridWeb */,
			);
		};
/* End PBXProject section */

/* Begin PBXResourcesBuildPhase section */
		7A3357C21F399C0F008F589E /* Resources */ = {
			isa = PBXResourcesBuildPhase;
			buildActionMask = 2147483647;
			files = (
				7A3357CC1F399C0F008F589E /* Assets.xcassets in Resources */,
				7A3357CF1F399C0F008F589E /* Main.storyboard in Resources */,
			);
			runOnlyForDeploymentPostprocessing = 0;
		};
/* End PBXResourcesBuildPhase section */

/* Begin PBXSourcesBuildPhase section */
		7A3357C01F399C0F008F589E /* Sources */ = {
			isa = PBXSourcesBuildPhase;
			buildActionMask = 2147483647;
			files = (
				7A3357CA1F399C0F008F589E /* ViewController.swift in Sources */,
				7AA0D5321F399F19002A69CB /* WindowController.swift in Sources */,
				7A3357C81F399C0F008F589E /* AppDelegate.swift in Sources */,
			);
			runOnlyForDeploymentPostprocessing = 0;
		};
/* End PBXSourcesBuildPhase section */

/* Begin PBXVariantGroup section */
		7A3357CD1F399C0F008F589E /* Main.storyboard */ = {
			isa = PBXVariantGroup;
			children = (
				7A3357CE1F399C0F008F589E /* Base */,
			);
			name = Main.storyboard;
			sourceTree = "<group>";
		};
/* End PBXVariantGroup section */

/* Begin XCBuildConfiguration section */
		7A3357D11F399C0F008F589E /* Debug */ = {
			isa = XCBuildConfiguration;
			buildSettings = {
				ALWAYS_SEARCH_USER_PATHS = NO;
				CLANG_ANALYZER_NONNULL = YES;
				CLANG_ANALYZER_NUMBER_OBJECT_CONVERSION = YES_AGGRESSIVE;
				CLANG_CXX_LANGUAGE_STANDARD = "gnu++0x";
				CLANG_CXX_LIBRARY = "libc++";
				CLANG_ENABLE_MODULES = YES;
				CLANG_ENABLE_OBJC_ARC = YES;
				CLANG_WARN_BOOL_CONVERSION = YES;
				CLANG_WARN_CONSTANT_CONVERSION = YES;
				CLANG_WARN_DIRECT_OBJC_ISA_USAGE = YES_ERROR;
				CLANG_WARN_DOCUMENTATION_COMMENTS = YES;
				CLANG_WARN_EMPTY_BODY = YES;
				CLANG_WARN_ENUM_CONVERSION = YES;
				CLANG_WARN_INFINITE_RECURSION = YES;
				CLANG_WARN_INT_CONVERSION = YES;
				CLANG_WARN_OBJC_ROOT_CLASS = YES_ERROR;
				CLANG_WARN_SUSPICIOUS_MOVE = YES;
				CLANG_WARN_UNREACHABLE_CODE = YES;
				CLANG_WARN__DUPLICATE_METHOD_MATCH = YES;
				CODE_SIGN_IDENTITY = "-";
				COPY_PHASE_STRIP = NO;
				DEBUG_INFORMATION_FORMAT = dwarf;
				ENABLE_STRICT_OBJC_MSGSEND = YES;
				ENABLE_TESTABILITY = YES;
				GCC_C_LANGUAGE_STANDARD = gnu99;
				GCC_DYNAMIC_NO_PIC = NO;
				GCC_NO_COMMON_BLOCKS = YES;
				GCC_OPTIMIZATION_LEVEL = 0;
				GCC_PREPROCESSOR_DEFINITIONS = (
					"DEBUG=1",
					"$(inherited)",
				);
				GCC_WARN_64_TO_32_BIT_CONVERSION = YES;
				GCC_WARN_ABOUT_RETURN_TYPE = YES_ERROR;
				GCC_WARN_UNDECLARED_SELECTOR = YES;
				GCC_WARN_UNINITIALIZED_AUTOS = YES_AGGRESSIVE;
				GCC_WARN_UNUSED_FUNCTION = YES;
				GCC_WARN_UNUSED_VARIABLE = YES;
				MACOSX_DEPLOYMENT_TARGET = 10.12;
				MTL_ENABLE_DEBUG_INFO = YES;
				ONLY_ACTIVE_ARCH = YES;
				SDKROOT = macosx;
				SWIFT_ACTIVE_COMPILATION_CONDITIONS = DEBUG;
				SWIFT_OPTIMIZATION_LEVEL = "-Onone";
			};
			name = Debug;
		};
		7A3357D21F399C0F008F589E /* Release */ = {
			isa = XCBuildConfiguration;
			buildSettings = {
				ALWAYS_SEARCH_USER_PATHS = NO;
				CLANG_ANALYZER_NONNULL = YES;
				CLANG_ANALYZER_NUMBER_OBJECT_CONVERSION = YES_AGGRESSIVE;
				CLANG_CXX_LANGUAGE_STANDARD = "gnu++0x";
				CLANG_CXX_LIBRARY = "libc++";
				CLANG_ENABLE_MODULES = YES;
				CLANG_ENABLE_OBJC_ARC = YES;
				CLANG_WARN_BOOL_CONVERSION = YES;
				CLANG_WARN_CONSTANT_CONVERSION = YES;
				CLANG_WARN_DIRECT_OBJC_ISA_USAGE = YES_ERROR;
				CLANG_WARN_DOCUMENTATION_COMMENTS = YES;
				CLANG_WARN_EMPTY_BODY = YES;
				CLANG_WARN_ENUM_CONVERSION = YES;
				CLANG_WARN_INFINITE_RECURSION = YES;
				CLANG_WARN_INT_CONVERSION = YES;
				CLANG_WARN_OBJC_ROOT_CLASS = YES_ERROR;
				CLANG_WARN_SUSPICIOUS_MOVE = YES;
				CLANG_WARN_UNREACHABLE_CODE = YES;
				CLANG_WARN__DUPLICATE_METHOD_MATCH = YES;
				CODE_SIGN_IDENTITY = "-";
				COPY_PHASE_STRIP = NO;
				DEBUG_INFORMATION_FORMAT = "dwarf-with-dsym";
				ENABLE_NS_ASSERTIONS = NO;
				ENABLE_STRICT_OBJC_MSGSEND = YES;
				GCC_C_LANGUAGE_STANDARD = gnu99;
				GCC_NO_COMMON_BLOCKS = YES;
				GCC_WARN_64_TO_32_BIT_CONVERSION = YES;
				GCC_WARN_ABOUT_RETURN_TYPE = YES_ERROR;
				GCC_WARN_UNDECLARED_SELECTOR = YES;
				GCC_WARN_UNINITIALIZED_AUTOS = YES_AGGRESSIVE;
				GCC_WARN_UNUSED_FUNCTION = YES;
				GCC_WARN_UNUSED_VARIABLE = YES;
				MACOSX_DEPLOYMENT_TARGET = 10.12;
				MTL_ENABLE_DEBUG_INFO = NO;
				SDKROOT = macosx;
				SWIFT_OPTIMIZATION_LEVEL = "-Owholemodule";
			};
			name = Release;
		};
		7A3357D41F399C0F008F589E /* Debug */ = {
			isa = XCBuildConfiguration;
			buildSettings = {
				ASSETCATALOG_COMPILER_APPICON_NAME = AppIcon;
				COMBINE_HIDPI_IMAGES = YES;
				DEVELOPMENT_TEAM = EHHSHU6TP3;
				INFOPLIST_FILE = gridWeb/Info.plist;
				LD_RUNPATH_SEARCH_PATHS = "$(inherited) @executable_path/../Frameworks";
				PRODUCT_BUNDLE_IDENTIFIER = com.christianleovido.gridWeb;
				PRODUCT_NAME = "$(TARGET_NAME)";
				SWIFT_VERSION = 3.0;
			};
			name = Debug;
		};
		7A3357D51F399C0F008F589E /* Release */ = {
			isa = XCBuildConfiguration;
			buildSettings = {
				ASSETCATALOG_COMPILER_APPICON_NAME = AppIcon;
				COMBINE_HIDPI_IMAGES = YES;
				DEVELOPMENT_TEAM = EHHSHU6TP3;
				INFOPLIST_FILE = gridWeb/Info.plist;
				LD_RUNPATH_SEARCH_PATHS = "$(inherited) @executable_path/../Frameworks";
				PRODUCT_BUNDLE_IDENTIFIER = com.christianleovido.gridWeb;
				PRODUCT_NAME = "$(TARGET_NAME)";
				SWIFT_VERSION = 3.0;
			};
			name = Release;
		};
/* End XCBuildConfiguration section */

/* Begin XCConfigurationList section */
		7A3357BF1F399C0F008F589E /* Build configuration list for PBXProject "gridWeb" */ = {
			isa = XCConfigurationList;
			buildConfigurations = (
				7A3357D11F399C0F008F589E /* Debug */,
				7A3357D21F399C0F008F589E /* Release */,
			);
			defaultConfigurationIsVisible = 0;
			defaultConfigurationName = Release;
		};
		7A3357D31F399C0F008F589E /* Build configuration list for PBXNativeTarget "gridWeb" */ = {
			isa = XCConfigurationList;
			buildConfigurations = (
				7A3357D41F399C0F008F589E /* Debug */,
				7A3357D51F399C0F008F589E /* Release */,
			);
			defaultConfigurationIsVisible = 0;
			defaultConfigurationName = Release;
		};
/* End XCConfigurationList section */
	};
	rootObject = 7A3357BC1F399C0F008F589E /* Project object */;
}
